// !$*UTF8*$!
{
	archiveVersion = 1;
	classes = {
	};
	objectVersion = 46;
	objects = {

/* Begin PBXBuildFile section */
		0D83B998174497D500EDF402 /* UIKit.framework in Frameworks */ = {isa = PBXBuildFile; fileRef = 0D83B997174497D500EDF402 /* UIKit.framework */; };
		0D83B99A174497D500EDF402 /* Foundation.framework in Frameworks */ = {isa = PBXBuildFile; fileRef = 0D83B999174497D500EDF402 /* Foundation.framework */; };
		0D83B99C174497D500EDF402 /* CoreGraphics.framework in Frameworks */ = {isa = PBXBuildFile; fileRef = 0D83B99B174497D500EDF402 /* CoreGraphics.framework */; };
		0D83B9A2174497D500EDF402 /* InfoPlist.strings in Resources */ = {isa = PBXBuildFile; fileRef = 0D83B9A0174497D500EDF402 /* InfoPlist.strings */; };
		0D83B9A4174497D500EDF402 /* main.m in Sources */ = {isa = PBXBuildFile; fileRef = 0D83B9A3174497D500EDF402 /* main.m */; };
		0D83B9A8174497D500EDF402 /* AppDelegate.m in Sources */ = {isa = PBXBuildFile; fileRef = 0D83B9A7174497D500EDF402 /* AppDelegate.m */; };
		0D83B9AA174497D500EDF402 /* Default.png in Resources */ = {isa = PBXBuildFile; fileRef = 0D83B9A9174497D500EDF402 /* Default.png */; };
		0D83B9AC174497D500EDF402 /* Default@2x.png in Resources */ = {isa = PBXBuildFile; fileRef = 0D83B9AB174497D500EDF402 /* Default@2x.png */; };
		0D83B9AE174497D500EDF402 /* Default-568h@2x.png in Resources */ = {isa = PBXBuildFile; fileRef = 0D83B9AD174497D500EDF402 /* Default-568h@2x.png */; };
		0D83B9B1174497D500EDF402 /* MainStoryboard.storyboard in Resources */ = {isa = PBXBuildFile; fileRef = 0D83B9AF174497D500EDF402 /* MainStoryboard.storyboard */; };
		0D83B9B4174497D500EDF402 /* ViewController.m in Sources */ = {isa = PBXBuildFile; fileRef = 0D83B9B3174497D500EDF402 /* ViewController.m */; };
/* End PBXBuildFile section */

/* Begin PBXFileReference section */
		0D83B994174497D500EDF402 /* ShortCom.app */ = {isa = PBXFileReference; explicitFileType = wrapper.application; includeInIndex = 0; path = ShortCom.app; sourceTree = BUILT_PRODUCTS_DIR; };
		0D83B997174497D500EDF402 /* UIKit.framework */ = {isa = PBXFileReference; lastKnownFileType = wrapper.framework; name = UIKit.framework; path = System/Library/Frameworks/UIKit.framework; sourceTree = SDKROOT; };
		0D83B999174497D500EDF402 /* Foundation.framework */ = {isa = PBXFileReference; lastKnownFileType = wrapper.framework; name = Foundation.framework; path = System/Library/Frameworks/Foundation.framework; sourceTree = SDKROOT; };
		0D83B99B174497D500EDF402 /* CoreGraphics.framework */ = {isa = PBXFileReference; lastKnownFileType = wrapper.framework; name = CoreGraphics.framework; path = System/Library/Frameworks/CoreGraphics.framework; sourceTree = SDKROOT; };
		0D83B99F174497D500EDF402 /* ShortCom-Info.plist */ = {isa = PBXFileReference; lastKnownFileType = text.plist.xml; path = "ShortCom-Info.plist"; sourceTree = "<group>"; };
		0D83B9A1174497D500EDF402 /* en */ = {isa = PBXFileReference; lastKnownFileType = text.plist.strings; name = en; path = en.lproj/InfoPlist.strings; sourceTree = "<group>"; };
		0D83B9A3174497D500EDF402 /* main.m */ = {isa = PBXFileReference; lastKnownFileType = sourcecode.c.objc; path = main.m; sourceTree = "<group>"; };
		0D83B9A5174497D500EDF402 /* ShortCom-Prefix.pch */ = {isa = PBXFileReference; lastKnownFileType = sourcecode.c.h; path = "ShortCom-Prefix.pch"; sourceTree = "<group>"; };
		0D83B9A6174497D500EDF402 /* AppDelegate.h */ = {isa = PBXFileReference; lastKnownFileType = sourcecode.c.h; path = AppDelegate.h; sourceTree = "<group>"; };
		0D83B9A7174497D500EDF402 /* AppDelegate.m */ = {isa = PBXFileReference; lastKnownFileType = sourcecode.c.objc; path = AppDelegate.m; sourceTree = "<group>"; };
		0D83B9A9174497D500EDF402 /* Default.png */ = {isa = PBXFileReference; lastKnownFileType = image.png; path = Default.png; sourceTree = "<group>"; };
		0D83B9AB174497D500EDF402 /* Default@2x.png */ = {isa = PBXFileReference; lastKnownFileType = image.png; path = "Default@2x.png"; sourceTree = "<group>"; };
		0D83B9AD174497D500EDF402 /* Default-568h@2x.png */ = {isa = PBXFileReference; lastKnownFileType = image.png; path = "Default-568h@2x.png"; sourceTree = "<group>"; };
		0D83B9B0174497D500EDF402 /* en */ = {isa = PBXFileReference; lastKnownFileType = file.storyboard; name = en; path = en.lproj/MainStoryboard.storyboard; sourceTree = "<group>"; };
		0D83B9B2174497D500EDF402 /* ViewController.h */ = {isa = PBXFileReference; lastKnownFileType = sourcecode.c.h; path = ViewController.h; sourceTree = "<group>"; };
		0D83B9B3174497D500EDF402 /* ViewController.m */ = {isa = PBXFileReference; lastKnownFileType = sourcecode.c.objc; path = ViewController.m; sourceTree = "<group>"; };
/* End PBXFileReference section */

/* Begin PBXFrameworksBuildPhase section */
		0D83B991174497D500EDF402 /* Frameworks */ = {
			isa = PBXFrameworksBuildPhase;
			buildActionMask = 2147483647;
			files = (
				0D83B998174497D500EDF402 /* UIKit.framework in Frameworks */,
				0D83B99A174497D500EDF402 /* Foundation.framework in Frameworks */,
				0D83B99C174497D500EDF402 /* CoreGraphics.framework in Frameworks */,
			);
			runOnlyForDeploymentPostprocessing = 0;
		};
/* End PBXFrameworksBuildPhase section */

/* Begin PBXGroup section */
		0D83B98B174497D500EDF402 = {
			isa = PBXGroup;
			children = (
				0D83B99D174497D500EDF402 /* ShortCom */,
				0D83B996174497D500EDF402 /* Frameworks */,
				0D83B995174497D500EDF402 /* Products */,
			);
			sourceTree = "<group>";
		};
		0D83B995174497D500EDF402 /* Products */ = {
			isa = PBXGroup;
			children = (
				0D83B994174497D500EDF402 /* ShortCom.app */,
			);
			name = Products;
			sourceTree = "<group>";
		};
		0D83B996174497D500EDF402 /* Frameworks */ = {
			isa = PBXGroup;
			children = (
				0D83B997174497D500EDF402 /* UIKit.framework */,
				0D83B999174497D500EDF402 /* Foundation.framework */,
				0D83B99B174497D500EDF402 /* CoreGraphics.framework */,
			);
			name = Frameworks;
			sourceTree = "<group>";
		};
		0D83B99D174497D500EDF402 /* ShortCom */ = {
			isa = PBXGroup;
			children = (
				0D83B9A6174497D500EDF402 /* AppDelegate.h */,
				0D83B9A7174497D500EDF402 /* AppDelegate.m */,
				0D83B9AF174497D500EDF402 /* MainStoryboard.storyboard */,
				0D83B9B2174497D500EDF402 /* ViewController.h */,
				0D83B9B3174497D500EDF402 /* ViewController.m */,
				0D83B99E174497D500EDF402 /* Supporting Files */,
			);
			path = ShortCom;
			sourceTree = "<group>";
		};
		0D83B99E174497D500EDF402 /* Supporting Files */ = {
			isa = PBXGroup;
			children = (
				0D83B99F174497D500EDF402 /* ShortCom-Info.plist */,
				0D83B9A0174497D500EDF402 /* InfoPlist.strings */,
				0D83B9A3174497D500EDF402 /* main.m */,
				0D83B9A5174497D500EDF402 /* ShortCom-Prefix.pch */,
				0D83B9A9174497D500EDF402 /* Default.png */,
				0D83B9AB174497D500EDF402 /* Default@2x.png */,
				0D83B9AD174497D500EDF402 /* Default-568h@2x.png */,
			);
			name = "Supporting Files";
			sourceTree = "<group>";
		};
/* End PBXGroup section */

/* Begin PBXNativeTarget section */
		0D83B993174497D500EDF402 /* ShortCom */ = {
			isa = PBXNativeTarget;
			buildConfigurationList = 0D83B9B7174497D500EDF402 /* Build configuration list for PBXNativeTarget "ShortCom" */;
			buildPhases = (
				0D83B990174497D500EDF402 /* Sources */,
				0D83B991174497D500EDF402 /* Frameworks */,
				0D83B992174497D500EDF402 /* Resources */,
			);
			buildRules = (
			);
			dependencies = (
			);
			name = ShortCom;
			productName = ShortCom;
			productReference = 0D83B994174497D500EDF402 /* ShortCom.app */;
			productType = "com.apple.product-type.application";
		};
/* End PBXNativeTarget section */

/* Begin PBXProject section */
		0D83B98C174497D500EDF402 /* Project object */ = {
			isa = PBXProject;
			attributes = {
				LastUpgradeCheck = 0460;
				ORGANIZATIONNAME = "uchikawa takao";
			};
			buildConfigurationList = 0D83B98F174497D500EDF402 /* Build configuration list for PBXProject "ShortCom" */;
			compatibilityVersion = "Xcode 3.2";
			developmentRegion = English;
			hasScannedForEncodings = 0;
			knownRegions = (
				en,
			);
			mainGroup = 0D83B98B174497D500EDF402;
			productRefGroup = 0D83B995174497D500EDF402 /* Products */;
			projectDirPath = "";
			projectRoot = "";
			targets = (
				0D83B993174497D500EDF402 /* ShortCom */,
			);
		};
/* End PBXProject section */

/* Begin PBXResourcesBuildPhase section */
		0D83B992174497D500EDF402 /* Resources */ = {
			isa = PBXResourcesBuildPhase;
			buildActionMask = 2147483647;
			files = (
				0D83B9A2174497D500EDF402 /* InfoPlist.strings in Resources */,
				0D83B9AA174497D500EDF402 /* Default.png in Resources */,
				0D83B9AC174497D500EDF402 /* Default@2x.png in Resources */,
				0D83B9AE174497D500EDF402 /* Default-568h@2x.png in Resources */,
				0D83B9B1174497D500EDF402 /* MainStoryboard.storyboard in Resources */,
			);
			runOnlyForDeploymentPostprocessing = 0;
		};
/* End PBXResourcesBuildPhase section */

/* Begin PBXSourcesBuildPhase section */
		0D83B990174497D500EDF402 /* Sources */ = {
			isa = PBXSourcesBuildPhase;
			buildActionMask = 2147483647;
			files = (
				0D83B9A4174497D500EDF402 /* main.m in Sources */,
				0D83B9A8174497D500EDF402 /* AppDelegate.m in Sources */,
				0D83B9B4174497D500EDF402 /* ViewController.m in Sources */,
			);
			runOnlyForDeploymentPostprocessing = 0;
		};
/* End PBXSourcesBuildPhase section */

/* Begin PBXVariantGroup section */
		0D83B9A0174497D500EDF402 /* InfoPlist.strings */ = {
			isa = PBXVariantGroup;
			children = (
				0D83B9A1174497D500EDF402 /* en */,
			);
			name = InfoPlist.strings;
			sourceTree = "<group>";
		};
		0D83B9AF174497D500EDF402 /* MainStoryboard.storyboard */ = {
			isa = PBXVariantGroup;
			children = (
				0D83B9B0174497D500EDF402 /* en */,
			);
			name = MainStoryboard.storyboard;
			sourceTree = "<group>";
		};
/* End PBXVariantGroup section */

/* Begin XCBuildConfiguration section */
		0D83B9B5174497D500EDF402 /* Debug */ = {
			isa = XCBuildConfiguration;
			buildSettings = {
				ALWAYS_SEARCH_USER_PATHS = NO;
				CLANG_CXX_LANGUAGE_STANDARD = "gnu++0x";
				CLANG_CXX_LIBRARY = "libc++";
				CLANG_ENABLE_OBJC_ARC = YES;
				CLANG_WARN_CONSTANT_CONVERSION = YES;
				CLANG_WARN_EMPTY_BODY = YES;
				CLANG_WARN_ENUM_CONVERSION = YES;
				CLANG_WARN_INT_CONVERSION = YES;
				CLANG_WARN__DUPLICATE_METHOD_MATCH = YES;
				"CODE_SIGN_IDENTITY[sdk=iphoneos*]" = "iPhone Developer";
				COPY_PHASE_STRIP = NO;
				GCC_C_LANGUAGE_STANDARD = gnu99;
				GCC_DYNAMIC_NO_PIC = NO;
				GCC_OPTIMIZATION_LEVEL = 0;
				GCC_PREPROCESSOR_DEFINITIONS = (
					"DEBUG=1",
					"$(inherited)",
				);
				GCC_SYMBOLS_PRIVATE_EXTERN = NO;
				GCC_WARN_ABOUT_RETURN_TYPE = YES;
				GCC_WARN_UNINITIALIZED_AUTOS = YES;
				GCC_WARN_UNUSED_VARIABLE = YES;
				IPHONEOS_DEPLOYMENT_TARGET = 6.1;
				ONLY_ACTIVE_ARCH = YES;
				SDKROOT = iphoneos;
			};
			name = Debug;
		};
		0D83B9B6174497D500EDF402 /* Release */ = {
			isa = XCBuildConfiguration;
			buildSettings = {
				ALWAYS_SEARCH_USER_PATHS = NO;
				CLANG_CXX_LANGUAGE_STANDARD = "gnu++0x";
				CLANG_CXX_LIBRARY = "libc++";
				CLANG_ENABLE_OBJC_ARC = YES;
				CLANG_WARN_CONSTANT_CONVERSION = YES;
				CLANG_WARN_EMPTY_BODY = YES;
				CLANG_WARN_ENUM_CONVERSION = YES;
				CLANG_WARN_INT_CONVERSION = YES;
				CLANG_WARN__DUPLICATE_METHOD_MATCH = YES;
				"CODE_SIGN_IDENTITY[sdk=iphoneos*]" = "iPhone Developer";
				COPY_PHASE_STRIP = YES;
				GCC_C_LANGUAGE_STANDARD = gnu99;
				GCC_WARN_ABOUT_RETURN_TYPE = YES;
				GCC_WARN_UNINITIALIZED_AUTOS = YES;
				GCC_WARN_UNUSED_VARIABLE = YES;
				IPHONEOS_DEPLOYMENT_TARGET = 6.1;
				OTHER_CFLAGS = "-DNS_BLOCK_ASSERTIONS=1";
				SDKROOT = iphoneos;
				VALIDATE_PRODUCT = YES;
			};
			name = Release;
		};
		0D83B9B8174497D500EDF402 /* Debug */ = {
			isa = XCBuildConfiguration;
			buildSettings = {
				GCC_PRECOMPILE_PREFIX_HEADER = YES;
				GCC_PREFIX_HEADER = "ShortCom/ShortCom-Prefix.pch";
				INFOPLIST_FILE = "ShortCom/ShortCom-Info.plist";
				PRODUCT_NAME = "$(TARGET_NAME)";
				WRAPPER_EXTENSION = app;
			};
			name = Debug;
		};
		0D83B9B9174497D500EDF402 /* Release */ = {
			isa = XCBuildConfiguration;
			buildSettings = {
				GCC_PRECOMPILE_PREFIX_HEADER = YES;
				GCC_PREFIX_HEADER = "ShortCom/ShortCom-Prefix.pch";
				INFOPLIST_FILE = "ShortCom/ShortCom-Info.plist";
				PRODUCT_NAME = "$(TARGET_NAME)";
				WRAPPER_EXTENSION = app;
			};
			name = Release;
		};
/* End XCBuildConfiguration section */

/* Begin XCConfigurationList section */
		0D83B98F174497D500EDF402 /* Build configuration list for PBXProject "ShortCom" */ = {
			isa = XCConfigurationList;
			buildConfigurations = (
				0D83B9B5174497D500EDF402 /* Debug */,
				0D83B9B6174497D500EDF402 /* Release */,
			);
			defaultConfigurationIsVisible = 0;
			defaultConfigurationName = Release;
		};
		0D83B9B7174497D500EDF402 /* Build configuration list for PBXNativeTarget "ShortCom" */ = {
			isa = XCConfigurationList;
			buildConfigurations = (
				0D83B9B8174497D500EDF402 /* Debug */,
				0D83B9B9174497D500EDF402 /* Release */,
			);
			defaultConfigurationIsVisible = 0;
		};
/* End XCConfigurationList section */
	};
	rootObject = 0D83B98C174497D500EDF402 /* Project object */;
}
